
Microsoft Visual Studio Solution File, Format Version 12.00
# Visual Studio Version 17
VisualStudioVersion = 17.0.32014.148
MinimumVisualStudioVersion = 10.0.40219.1
Project("{2150E333-8FDC-42A3-9474-1A3956D46DE8}") = "API", "API", "{2CF98281-6485-46C6-A1BC-673D7C1A1AFB}"
EndProject
Project("{2150E333-8FDC-42A3-9474-1A3956D46DE8}") = "ServiceLayer", "ServiceLayer", "{8789041E-BC5C-44DC-B6F5-D6494BA3ED19}"
EndProject
Project("{2150E333-8FDC-42A3-9474-1A3956D46DE8}") = "UI", "UI", "{06724C80-CA58-4949-B3AD-C8AFE0BC1660}"
EndProject
Project("{2150E333-8FDC-42A3-9474-1A3956D46DE8}") = "BusinesLogicLayer", "BusinesLogicLayer", "{84B9A191-60BE-4047-887B-E2A14324F418}"
EndProject
Project("{2150E333-8FDC-42A3-9474-1A3956D46DE8}") = "RepositoryLayer", "RepositoryLayer", "{ADFAACE6-B606-4124-805F-2E4ED3C9164D}"
EndProject
Project("{2150E333-8FDC-42A3-9474-1A3956D46DE8}") = "DomianLayer", "DomianLayer", "{E812E373-7C65-489C-A5DF-692188D62F79}"
EndProject
Project("{9A19103F-16F7-4668-BE54-9A1E7A4F7556}") = "BusinesLogic", "BusinesLogic\BusinesLogic.csproj", "{EACDFA8C-5966-49F1-BDD2-D79E49FE30C4}"
EndProject
Project("{9A19103F-16F7-4668-BE54-9A1E7A4F7556}") = "DomainLayer", "DomainLayer\DomainLayer.csproj", "{5A2E23E3-8BA7-4058-A340-564DEB34860B}"
EndProject
Project("{9A19103F-16F7-4668-BE54-9A1E7A4F7556}") = "RepositoryLayer", "RepositoryLayer\RepositoryLayer.csproj", "{67EA0605-ED59-4EA9-ACF0-10B77D96DEF4}"
EndProject
Project("{9A19103F-16F7-4668-BE54-9A1E7A4F7556}") = "UILayer", "UILayer\UILayer.csproj", "{DA283D2B-CCDA-4632-AC25-CB458AFC06D7}"
EndProject
Project("{9A19103F-16F7-4668-BE54-9A1E7A4F7556}") = "APILayer", "APILayer\APILayer.csproj", "{F6E05F58-C03A-47A9-B022-B0C9E08073A2}"
EndProject
Global
	GlobalSection(SolutionConfigurationPlatforms) = preSolution
		Debug|Any CPU = Debug|Any CPU
		Release|Any CPU = Release|Any CPU
	EndGlobalSection
	GlobalSection(ProjectConfigurationPlatforms) = postSolution
		{EACDFA8C-5966-49F1-BDD2-D79E49FE30C4}.Debug|Any CPU.ActiveCfg = Debug|Any CPU
		{EACDFA8C-5966-49F1-BDD2-D79E49FE30C4}.Debug|Any CPU.Build.0 = Debug|Any CPU
		{EACDFA8C-5966-49F1-BDD2-D79E49FE30C4}.Release|Any CPU.ActiveCfg = Release|Any CPU
		{EACDFA8C-5966-49F1-BDD2-D79E49FE30C4}.Release|Any CPU.Build.0 = Release|Any CPU
		{5A2E23E3-8BA7-4058-A340-564DEB34860B}.Debug|Any CPU.ActiveCfg = Debug|Any CPU
		{5A2E23E3-8BA7-4058-A340-564DEB34860B}.Debug|Any CPU.Build.0 = Debug|Any CPU
		{5A2E23E3-8BA7-4058-A340-564DEB34860B}.Release|Any CPU.ActiveCfg = Release|Any CPU
		{5A2E23E3-8BA7-4058-A340-564DEB34860B}.Release|Any CPU.Build.0 = Release|Any CPU
		{67EA0605-ED59-4EA9-ACF0-10B77D96DEF4}.Debug|Any CPU.ActiveCfg = Debug|Any CPU
		{67EA0605-ED59-4EA9-ACF0-10B77D96DEF4}.Debug|Any CPU.Build.0 = Debug|Any CPU
		{67EA0605-ED59-4EA9-ACF0-10B77D96DEF4}.Release|Any CPU.ActiveCfg = Release|Any CPU
		{67EA0605-ED59-4EA9-ACF0-10B77D96DEF4}.Release|Any CPU.Build.0 = Release|Any CPU
		{DA283D2B-CCDA-4632-AC25-CB458AFC06D7}.Debug|Any CPU.ActiveCfg = Debug|Any CPU
		{DA283D2B-CCDA-4632-AC25-CB458AFC06D7}.Debug|Any CPU.Build.0 = Debug|Any CPU
		{DA283D2B-CCDA-4632-AC25-CB458AFC06D7}.Release|Any CPU.ActiveCfg = Release|Any CPU
		{DA283D2B-CCDA-4632-AC25-CB458AFC06D7}.Release|Any CPU.Build.0 = Release|Any CPU
		{F6E05F58-C03A-47A9-B022-B0C9E08073A2}.Debug|Any CPU.ActiveCfg = Debug|Any CPU
		{F6E05F58-C03A-47A9-B022-B0C9E08073A2}.Debug|Any CPU.Build.0 = Debug|Any CPU
		{F6E05F58-C03A-47A9-B022-B0C9E08073A2}.Release|Any CPU.ActiveCfg = Release|Any CPU
		{F6E05F58-C03A-47A9-B022-B0C9E08073A2}.Release|Any CPU.Build.0 = Release|Any CPU
	EndGlobalSection
	GlobalSection(SolutionProperties) = preSolution
		HideSolutionNode = FALSE
	EndGlobalSection
	GlobalSection(NestedProjects) = preSolution
		{84B9A191-60BE-4047-887B-E2A14324F418} = {E812E373-7C65-489C-A5DF-692188D62F79}
		{ADFAACE6-B606-4124-805F-2E4ED3C9164D} = {8789041E-BC5C-44DC-B6F5-D6494BA3ED19}
		{E812E373-7C65-489C-A5DF-692188D62F79} = {8789041E-BC5C-44DC-B6F5-D6494BA3ED19}
		{EACDFA8C-5966-49F1-BDD2-D79E49FE30C4} = {84B9A191-60BE-4047-887B-E2A14324F418}
		{5A2E23E3-8BA7-4058-A340-564DEB34860B} = {E812E373-7C65-489C-A5DF-692188D62F79}
		{67EA0605-ED59-4EA9-ACF0-10B77D96DEF4} = {ADFAACE6-B606-4124-805F-2E4ED3C9164D}
		{DA283D2B-CCDA-4632-AC25-CB458AFC06D7} = {06724C80-CA58-4949-B3AD-C8AFE0BC1660}
		{F6E05F58-C03A-47A9-B022-B0C9E08073A2} = {2CF98281-6485-46C6-A1BC-673D7C1A1AFB}
	EndGlobalSection
	GlobalSection(ExtensibilityGlobals) = postSolution
		SolutionGuid = {27FB8E6F-EAB7-4965-BB67-DE91D359852B}
	EndGlobalSection
EndGlobal
